// !$*UTF8*$!
{
	archiveVersion = 1;
	classes = {
	};
	objectVersion = 50;
	objects = {

/* Begin PBXBuildFile section */
		EF6E7FF52388A51B00630AA2 /* AppDelegate.m in Sources */ = {isa = PBXBuildFile; fileRef = EF6E7FF42388A51B00630AA2 /* AppDelegate.m */; };
		EF6E7FF82388A51B00630AA2 /* SceneDelegate.m in Sources */ = {isa = PBXBuildFile; fileRef = EF6E7FF72388A51B00630AA2 /* SceneDelegate.m */; };
		EF6E7FFB2388A51B00630AA2 /* CESPokemonTableVC.m in Sources */ = {isa = PBXBuildFile; fileRef = EF6E7FFA2388A51B00630AA2 /* CESPokemonTableVC.m */; };
		EF6E7FFE2388A51B00630AA2 /* Main.storyboard in Resources */ = {isa = PBXBuildFile; fileRef = EF6E7FFC2388A51B00630AA2 /* Main.storyboard */; };
		EF6E80002388A51C00630AA2 /* Assets.xcassets in Resources */ = {isa = PBXBuildFile; fileRef = EF6E7FFF2388A51C00630AA2 /* Assets.xcassets */; };
		EF6E80032388A51C00630AA2 /* LaunchScreen.storyboard in Resources */ = {isa = PBXBuildFile; fileRef = EF6E80012388A51C00630AA2 /* LaunchScreen.storyboard */; };
		EF6E80062388A51C00630AA2 /* main.m in Sources */ = {isa = PBXBuildFile; fileRef = EF6E80052388A51C00630AA2 /* main.m */; };
		EF6E80132388A65700630AA2 /* CESPokemon.m in Sources */ = {isa = PBXBuildFile; fileRef = EF6E80122388A65700630AA2 /* CESPokemon.m */; };
		EF6E80192388A76300630AA2 /* PokemonController.swift in Sources */ = {isa = PBXBuildFile; fileRef = EF6E80182388A76300630AA2 /* PokemonController.swift */; };
		EF8A58AD2388AAE900423F98 /* CESDetailVC.m in Sources */ = {isa = PBXBuildFile; fileRef = EF8A58AC2388AAE900423F98 /* CESDetailVC.m */; };
/* End PBXBuildFile section */

/* Begin PBXFileReference section */
		EF6E7FF02388A51B00630AA2 /* PokeDex-Obj-C.app */ = {isa = PBXFileReference; explicitFileType = wrapper.application; includeInIndex = 0; path = "PokeDex-Obj-C.app"; sourceTree = BUILT_PRODUCTS_DIR; };
		EF6E7FF32388A51B00630AA2 /* AppDelegate.h */ = {isa = PBXFileReference; lastKnownFileType = sourcecode.c.h; path = AppDelegate.h; sourceTree = "<group>"; };
		EF6E7FF42388A51B00630AA2 /* AppDelegate.m */ = {isa = PBXFileReference; lastKnownFileType = sourcecode.c.objc; path = AppDelegate.m; sourceTree = "<group>"; };
		EF6E7FF62388A51B00630AA2 /* SceneDelegate.h */ = {isa = PBXFileReference; lastKnownFileType = sourcecode.c.h; path = SceneDelegate.h; sourceTree = "<group>"; };
		EF6E7FF72388A51B00630AA2 /* SceneDelegate.m */ = {isa = PBXFileReference; lastKnownFileType = sourcecode.c.objc; path = SceneDelegate.m; sourceTree = "<group>"; };
		EF6E7FF92388A51B00630AA2 /* CESPokemonTableVC.h */ = {isa = PBXFileReference; lastKnownFileType = sourcecode.c.h; path = CESPokemonTableVC.h; sourceTree = "<group>"; };
		EF6E7FFA2388A51B00630AA2 /* CESPokemonTableVC.m */ = {isa = PBXFileReference; lastKnownFileType = sourcecode.c.objc; path = CESPokemonTableVC.m; sourceTree = "<group>"; };
		EF6E7FFD2388A51B00630AA2 /* Base */ = {isa = PBXFileReference; lastKnownFileType = file.storyboard; name = Base; path = Base.lproj/Main.storyboard; sourceTree = "<group>"; };
		EF6E7FFF2388A51C00630AA2 /* Assets.xcassets */ = {isa = PBXFileReference; lastKnownFileType = folder.assetcatalog; path = Assets.xcassets; sourceTree = "<group>"; };
		EF6E80022388A51C00630AA2 /* Base */ = {isa = PBXFileReference; lastKnownFileType = file.storyboard; name = Base; path = Base.lproj/LaunchScreen.storyboard; sourceTree = "<group>"; };
		EF6E80042388A51C00630AA2 /* Info.plist */ = {isa = PBXFileReference; lastKnownFileType = text.plist.xml; path = Info.plist; sourceTree = "<group>"; };
		EF6E80052388A51C00630AA2 /* main.m */ = {isa = PBXFileReference; lastKnownFileType = sourcecode.c.objc; path = main.m; sourceTree = "<group>"; };
		EF6E80112388A65700630AA2 /* CESPokemon.h */ = {isa = PBXFileReference; lastKnownFileType = sourcecode.c.h; path = CESPokemon.h; sourceTree = "<group>"; };
		EF6E80122388A65700630AA2 /* CESPokemon.m */ = {isa = PBXFileReference; lastKnownFileType = sourcecode.c.objc; path = CESPokemon.m; sourceTree = "<group>"; };
		EF6E80172388A76300630AA2 /* PokeDex-Obj-C-Bridging-Header.h */ = {isa = PBXFileReference; lastKnownFileType = sourcecode.c.h; path = "PokeDex-Obj-C-Bridging-Header.h"; sourceTree = "<group>"; };
		EF6E80182388A76300630AA2 /* PokemonController.swift */ = {isa = PBXFileReference; lastKnownFileType = sourcecode.swift; path = PokemonController.swift; sourceTree = "<group>"; };
		EF8A58AB2388AAE900423F98 /* CESDetailVC.h */ = {isa = PBXFileReference; lastKnownFileType = sourcecode.c.h; path = CESDetailVC.h; sourceTree = "<group>"; };
		EF8A58AC2388AAE900423F98 /* CESDetailVC.m */ = {isa = PBXFileReference; lastKnownFileType = sourcecode.c.objc; path = CESDetailVC.m; sourceTree = "<group>"; };
/* End PBXFileReference section */

/* Begin PBXFrameworksBuildPhase section */
		EF6E7FED2388A51B00630AA2 /* Frameworks */ = {
			isa = PBXFrameworksBuildPhase;
			buildActionMask = 2147483647;
			files = (
			);
			runOnlyForDeploymentPostprocessing = 0;
		};
/* End PBXFrameworksBuildPhase section */

/* Begin PBXGroup section */
		EF6E7FE72388A51B00630AA2 = {
			isa = PBXGroup;
			children = (
				EF6E7FF22388A51B00630AA2 /* PokeDex-Obj-C */,
				EF6E7FF12388A51B00630AA2 /* Products */,
			);
			sourceTree = "<group>";
		};
		EF6E7FF12388A51B00630AA2 /* Products */ = {
			isa = PBXGroup;
			children = (
				EF6E7FF02388A51B00630AA2 /* PokeDex-Obj-C.app */,
			);
			name = Products;
			sourceTree = "<group>";
		};
		EF6E7FF22388A51B00630AA2 /* PokeDex-Obj-C */ = {
			isa = PBXGroup;
			children = (
				EF6E800C2388A57000630AA2 /* App Lifecycle */,
				EF6E800F2388A5E500630AA2 /* Model */,
				EF6E80102388A5F000630AA2 /* Model Controller */,
				EF6E800D2388A58300630AA2 /* View Controllers */,
				EF6E800E2388A59700630AA2 /* Storyboards */,
				EF6E7FFF2388A51C00630AA2 /* Assets.xcassets */,
				EF6E80042388A51C00630AA2 /* Info.plist */,
			);
			path = "PokeDex-Obj-C";
			sourceTree = "<group>";
		};
		EF6E800C2388A57000630AA2 /* App Lifecycle */ = {
			isa = PBXGroup;
			children = (
				EF6E80052388A51C00630AA2 /* main.m */,
				EF6E7FF32388A51B00630AA2 /* AppDelegate.h */,
				EF6E7FF42388A51B00630AA2 /* AppDelegate.m */,
				EF6E7FF62388A51B00630AA2 /* SceneDelegate.h */,
				EF6E7FF72388A51B00630AA2 /* SceneDelegate.m */,
			);
			path = "App Lifecycle";
			sourceTree = "<group>";
		};
		EF6E800D2388A58300630AA2 /* View Controllers */ = {
			isa = PBXGroup;
			children = (
				EF6E7FF92388A51B00630AA2 /* CESPokemonTableVC.h */,
				EF6E7FFA2388A51B00630AA2 /* CESPokemonTableVC.m */,
				EF8A58AB2388AAE900423F98 /* CESDetailVC.h */,
				EF8A58AC2388AAE900423F98 /* CESDetailVC.m */,
			);
			path = "View Controllers";
			sourceTree = "<group>";
		};
		EF6E800E2388A59700630AA2 /* Storyboards */ = {
			isa = PBXGroup;
			children = (
				EF6E7FFC2388A51B00630AA2 /* Main.storyboard */,
				EF6E80012388A51C00630AA2 /* LaunchScreen.storyboard */,
			);
			path = Storyboards;
			sourceTree = "<group>";
		};
		EF6E800F2388A5E500630AA2 /* Model */ = {
			isa = PBXGroup;
			children = (
				EF6E80112388A65700630AA2 /* CESPokemon.h */,
				EF6E80122388A65700630AA2 /* CESPokemon.m */,
			);
			path = Model;
			sourceTree = "<group>";
		};
		EF6E80102388A5F000630AA2 /* Model Controller */ = {
			isa = PBXGroup;
			children = (
				EF6E80182388A76300630AA2 /* PokemonController.swift */,
				EF6E80172388A76300630AA2 /* PokeDex-Obj-C-Bridging-Header.h */,
			);
			path = "Model Controller";
			sourceTree = "<group>";
		};
/* End PBXGroup section */

/* Begin PBXNativeTarget section */
		EF6E7FEF2388A51B00630AA2 /* PokeDex-Obj-C */ = {
			isa = PBXNativeTarget;
			buildConfigurationList = EF6E80092388A51C00630AA2 /* Build configuration list for PBXNativeTarget "PokeDex-Obj-C" */;
			buildPhases = (
				EF6E7FEC2388A51B00630AA2 /* Sources */,
				EF6E7FED2388A51B00630AA2 /* Frameworks */,
				EF6E7FEE2388A51B00630AA2 /* Resources */,
			);
			buildRules = (
			);
			dependencies = (
			);
			name = "PokeDex-Obj-C";
			productName = "PokeDex-Obj-C";
			productReference = EF6E7FF02388A51B00630AA2 /* PokeDex-Obj-C.app */;
			productType = "com.apple.product-type.application";
		};
/* End PBXNativeTarget section */

/* Begin PBXProject section */
		EF6E7FE82388A51B00630AA2 /* Project object */ = {
			isa = PBXProject;
			attributes = {
				CLASSPREFIX = CES;
				LastUpgradeCheck = 1120;
				ORGANIZATIONNAME = Seschwan;
				TargetAttributes = {
					EF6E7FEF2388A51B00630AA2 = {
						CreatedOnToolsVersion = 11.2.1;
						LastSwiftMigration = 1120;
					};
				};
			};
			buildConfigurationList = EF6E7FEB2388A51B00630AA2 /* Build configuration list for PBXProject "PokeDex-Obj-C" */;
			compatibilityVersion = "Xcode 9.3";
			developmentRegion = en;
			hasScannedForEncodings = 0;
			knownRegions = (
				en,
				Base,
			);
			mainGroup = EF6E7FE72388A51B00630AA2;
			productRefGroup = EF6E7FF12388A51B00630AA2 /* Products */;
			projectDirPath = "";
			projectRoot = "";
			targets = (
				EF6E7FEF2388A51B00630AA2 /* PokeDex-Obj-C */,
			);
		};
/* End PBXProject section */

/* Begin PBXResourcesBuildPhase section */
		EF6E7FEE2388A51B00630AA2 /* Resources */ = {
			isa = PBXResourcesBuildPhase;
			buildActionMask = 2147483647;
			files = (
				EF6E80032388A51C00630AA2 /* LaunchScreen.storyboard in Resources */,
				EF6E80002388A51C00630AA2 /* Assets.xcassets in Resources */,
				EF6E7FFE2388A51B00630AA2 /* Main.storyboard in Resources */,
			);
			runOnlyForDeploymentPostprocessing = 0;
		};
/* End PBXResourcesBuildPhase section */

/* Begin PBXSourcesBuildPhase section */
		EF6E7FEC2388A51B00630AA2 /* Sources */ = {
			isa = PBXSourcesBuildPhase;
			buildActionMask = 2147483647;
			files = (
				EF8A58AD2388AAE900423F98 /* CESDetailVC.m in Sources */,
				EF6E7FFB2388A51B00630AA2 /* CESPokemonTableVC.m in Sources */,
				EF6E80132388A65700630AA2 /* CESPokemon.m in Sources */,
				EF6E7FF52388A51B00630AA2 /* AppDelegate.m in Sources */,
				EF6E80062388A51C00630AA2 /* main.m in Sources */,
				EF6E7FF82388A51B00630AA2 /* SceneDelegate.m in Sources */,
				EF6E80192388A76300630AA2 /* PokemonController.swift in Sources */,
			);
			runOnlyForDeploymentPostprocessing = 0;
		};
/* End PBXSourcesBuildPhase section */

/* Begin PBXVariantGroup section */
		EF6E7FFC2388A51B00630AA2 /* Main.storyboard */ = {
			isa = PBXVariantGroup;
			children = (
				EF6E7FFD2388A51B00630AA2 /* Base */,
			);
			name = Main.storyboard;
			sourceTree = "<group>";
		};
		EF6E80012388A51C00630AA2 /* LaunchScreen.storyboard */ = {
			isa = PBXVariantGroup;
			children = (
				EF6E80022388A51C00630AA2 /* Base */,
			);
			name = LaunchScreen.storyboard;
			sourceTree = "<group>";
		};
/* End PBXVariantGroup section */

/* Begin XCBuildConfiguration section */
		EF6E80072388A51C00630AA2 /* Debug */ = {
			isa = XCBuildConfiguration;
			buildSettings = {
				ALWAYS_SEARCH_USER_PATHS = NO;
				CLANG_ANALYZER_NONNULL = YES;
				CLANG_ANALYZER_NUMBER_OBJECT_CONVERSION = YES_AGGRESSIVE;
				CLANG_CXX_LANGUAGE_STANDARD = "gnu++14";
				CLANG_CXX_LIBRARY = "libc++";
				CLANG_ENABLE_MODULES = YES;
				CLANG_ENABLE_OBJC_ARC = YES;
				CLANG_ENABLE_OBJC_WEAK = YES;
				CLANG_WARN_BLOCK_CAPTURE_AUTORELEASING = YES;
				CLANG_WARN_BOOL_CONVERSION = YES;
				CLANG_WARN_COMMA = YES;
				CLANG_WARN_CONSTANT_CONVERSION = YES;
				CLANG_WARN_DEPRECATED_OBJC_IMPLEMENTATIONS = YES;
				CLANG_WARN_DIRECT_OBJC_ISA_USAGE = YES_ERROR;
				CLANG_WARN_DOCUMENTATION_COMMENTS = YES;
				CLANG_WARN_EMPTY_BODY = YES;
				CLANG_WARN_ENUM_CONVERSION = YES;
				CLANG_WARN_INFINITE_RECURSION = YES;
				CLANG_WARN_INT_CONVERSION = YES;
				CLANG_WARN_NON_LITERAL_NULL_CONVERSION = YES;
				CLANG_WARN_OBJC_IMPLICIT_RETAIN_SELF = YES;
				CLANG_WARN_OBJC_LITERAL_CONVERSION = YES;
				CLANG_WARN_OBJC_ROOT_CLASS = YES_ERROR;
				CLANG_WARN_RANGE_LOOP_ANALYSIS = YES;
				CLANG_WARN_STRICT_PROTOTYPES = YES;
				CLANG_WARN_SUSPICIOUS_MOVE = YES;
				CLANG_WARN_UNGUARDED_AVAILABILITY = YES_AGGRESSIVE;
				CLANG_WARN_UNREACHABLE_CODE = YES;
				CLANG_WARN__DUPLICATE_METHOD_MATCH = YES;
				COPY_PHASE_STRIP = NO;
				DEBUG_INFORMATION_FORMAT = dwarf;
				ENABLE_STRICT_OBJC_MSGSEND = YES;
				ENABLE_TESTABILITY = YES;
				GCC_C_LANGUAGE_STANDARD = gnu11;
				GCC_DYNAMIC_NO_PIC = NO;
				GCC_NO_COMMON_BLOCKS = YES;
				GCC_OPTIMIZATION_LEVEL = 0;
				GCC_PREPROCESSOR_DEFINITIONS = (
					"DEBUG=1",
					"$(inherited)",
				);
				GCC_WARN_64_TO_32_BIT_CONVERSION = YES;
				GCC_WARN_ABOUT_RETURN_TYPE = YES_ERROR;
				GCC_WARN_UNDECLARED_SELECTOR = YES;
				GCC_WARN_UNINITIALIZED_AUTOS = YES_AGGRESSIVE;
				GCC_WARN_UNUSED_FUNCTION = YES;
				GCC_WARN_UNUSED_VARIABLE = YES;
				IPHONEOS_DEPLOYMENT_TARGET = 13.2;
				MTL_ENABLE_DEBUG_INFO = INCLUDE_SOURCE;
				MTL_FAST_MATH = YES;
				ONLY_ACTIVE_ARCH = YES;
				SDKROOT = iphoneos;
			};
			name = Debug;
		};
		EF6E80082388A51C00630AA2 /* Release */ = {
			isa = XCBuildConfiguration;
			buildSettings = {
				ALWAYS_SEARCH_USER_PATHS = NO;
				CLANG_ANALYZER_NONNULL = YES;
				CLANG_ANALYZER_NUMBER_OBJECT_CONVERSION = YES_AGGRESSIVE;
				CLANG_CXX_LANGUAGE_STANDARD = "gnu++14";
				CLANG_CXX_LIBRARY = "libc++";
				CLANG_ENABLE_MODULES = YES;
				CLANG_ENABLE_OBJC_ARC = YES;
				CLANG_ENABLE_OBJC_WEAK = YES;
				CLANG_WARN_BLOCK_CAPTURE_AUTORELEASING = YES;
				CLANG_WARN_BOOL_CONVERSION = YES;
				CLANG_WARN_COMMA = YES;
				CLANG_WARN_CONSTANT_CONVERSION = YES;
				CLANG_WARN_DEPRECATED_OBJC_IMPLEMENTATIONS = YES;
				CLANG_WARN_DIRECT_OBJC_ISA_USAGE = YES_ERROR;
				CLANG_WARN_DOCUMENTATION_COMMENTS = YES;
				CLANG_WARN_EMPTY_BODY = YES;
				CLANG_WARN_ENUM_CONVERSION = YES;
				CLANG_WARN_INFINITE_RECURSION = YES;
				CLANG_WARN_INT_CONVERSION = YES;
				CLANG_WARN_NON_LITERAL_NULL_CONVERSION = YES;
				CLANG_WARN_OBJC_IMPLICIT_RETAIN_SELF = YES;
				CLANG_WARN_OBJC_LITERAL_CONVERSION = YES;
				CLANG_WARN_OBJC_ROOT_CLASS = YES_ERROR;
				CLANG_WARN_RANGE_LOOP_ANALYSIS = YES;
				CLANG_WARN_STRICT_PROTOTYPES = YES;
				CLANG_WARN_SUSPICIOUS_MOVE = YES;
				CLANG_WARN_UNGUARDED_AVAILABILITY = YES_AGGRESSIVE;
				CLANG_WARN_UNREACHABLE_CODE = YES;
				CLANG_WARN__DUPLICATE_METHOD_MATCH = YES;
				COPY_PHASE_STRIP = NO;
				DEBUG_INFORMATION_FORMAT = "dwarf-with-dsym";
				ENABLE_NS_ASSERTIONS = NO;
				ENABLE_STRICT_OBJC_MSGSEND = YES;
				GCC_C_LANGUAGE_STANDARD = gnu11;
				GCC_NO_COMMON_BLOCKS = YES;
				GCC_WARN_64_TO_32_BIT_CONVERSION = YES;
				GCC_WARN_ABOUT_RETURN_TYPE = YES_ERROR;
				GCC_WARN_UNDECLARED_SELECTOR = YES;
				GCC_WARN_UNINITIALIZED_AUTOS = YES_AGGRESSIVE;
				GCC_WARN_UNUSED_FUNCTION = YES;
				GCC_WARN_UNUSED_VARIABLE = YES;
				IPHONEOS_DEPLOYMENT_TARGET = 13.2;
				MTL_ENABLE_DEBUG_INFO = NO;
				MTL_FAST_MATH = YES;
				SDKROOT = iphoneos;
				VALIDATE_PRODUCT = YES;
			};
			name = Release;
		};
		EF6E800A2388A51C00630AA2 /* Debug */ = {
			isa = XCBuildConfiguration;
			buildSettings = {
				ASSETCATALOG_COMPILER_APPICON_NAME = AppIcon;
				CLANG_ENABLE_MODULES = YES;
				CODE_SIGN_STYLE = Automatic;
				DEVELOPMENT_TEAM = SBB8C9E36E;
				INFOPLIST_FILE = "PokeDex-Obj-C/Info.plist";
				LD_RUNPATH_SEARCH_PATHS = (
					"$(inherited)",
					"@executable_path/Frameworks",
				);
				PRODUCT_BUNDLE_IDENTIFIER = "Seschwan.com.PokeDex-Obj-C";
				PRODUCT_NAME = "$(TARGET_NAME)";
				SWIFT_OBJC_BRIDGING_HEADER = "PokeDex-Obj-C/Model Controller/PokeDex-Obj-C-Bridging-Header.h";
				SWIFT_OPTIMIZATION_LEVEL = "-Onone";
				SWIFT_VERSION = 5.0;
				TARGETED_DEVICE_FAMILY = "1,2";
			};
			name = Debug;
		};
		EF6E800B2388A51C00630AA2 /* Release */ = {
			isa = XCBuildConfiguration;
			buildSettings = {
				ASSETCATALOG_COMPILER_APPICON_NAME = AppIcon;
				CLANG_ENABLE_MODULES = YES;
				CODE_SIGN_STYLE = Automatic;
				DEVELOPMENT_TEAM = SBB8C9E36E;
				INFOPLIST_FILE = "PokeDex-Obj-C/Info.plist";
				LD_RUNPATH_SEARCH_PATHS = (
					"$(inherited)",
					"@executable_path/Frameworks",
				);
				PRODUCT_BUNDLE_IDENTIFIER = "Seschwan.com.PokeDex-Obj-C";
				PRODUCT_NAME = "$(TARGET_NAME)";
				SWIFT_OBJC_BRIDGING_HEADER = "PokeDex-Obj-C/Model Controller/PokeDex-Obj-C-Bridging-Header.h";
				SWIFT_VERSION = 5.0;
				TARGETED_DEVICE_FAMILY = "1,2";
			};
			name = Release;
		};
/* End XCBuildConfiguration section */

/* Begin XCConfigurationList section */
		EF6E7FEB2388A51B00630AA2 /* Build configuration list for PBXProject "PokeDex-Obj-C" */ = {
			isa = XCConfigurationList;
			buildConfigurations = (
				EF6E80072388A51C00630AA2 /* Debug */,
				EF6E80082388A51C00630AA2 /* Release */,
			);
			defaultConfigurationIsVisible = 0;
			defaultConfigurationName = Release;
		};
		EF6E80092388A51C00630AA2 /* Build configuration list for PBXNativeTarget "PokeDex-Obj-C" */ = {
			isa = XCConfigurationList;
			buildConfigurations = (
				EF6E800A2388A51C00630AA2 /* Debug */,
				EF6E800B2388A51C00630AA2 /* Release */,
			);
			defaultConfigurationIsVisible = 0;
			defaultConfigurationName = Release;
		};
/* End XCConfigurationList section */
	};
	rootObject = EF6E7FE82388A51B00630AA2 /* Project object */;
}
